
Microsoft Visual Studio Solution File, Format Version 12.00
# Visual Studio 15
VisualStudioVersion = 15.0.26730.12
MinimumVisualStudioVersion = 10.0.40219.1
Project("{FAE04EC0-301F-11D3-BF4B-00C04F79EFBC}") = "PhotoEditor", "WindowsFormsApp1\PhotoEditor.csproj", "{B71144BA-428D-407A-B393-2BB7ED8543C1}"
EndProject
Global
	GlobalSection(SolutionConfigurationPlatforms) = preSolution
		Debug|Any CPU = Debug|Any CPU
		Release|Any CPU = Release|Any CPU
	EndGlobalSection
	GlobalSection(ProjectConfigurationPlatforms) = postSolution
		{B71144BA-428D-407A-B393-2BB7ED8543C1}.Debug|Any CPU.ActiveCfg = Debug|Any CPU
		{B71144BA-428D-407A-B393-2BB7ED8543C1}.Debug|Any CPU.Build.0 = Debug|Any CPU
		{B71144BA-428D-407A-B393-2BB7ED8543C1}.Release|Any CPU.ActiveCfg = Release|Any CPU
		{B71144BA-428D-407A-B393-2BB7ED8543C1}.Release|Any CPU.Build.0 = Release|Any CPU
	EndGlobalSection
	GlobalSection(SolutionProperties) = preSolution
		HideSolutionNode = FALSE
	EndGlobalSection
	GlobalSection(ExtensibilityGlobals) = postSolution
		SolutionGuid = {95FE5AC1-1FBB-4B0B-B1CB-46BF1B0BE9F2}
	EndGlobalSection
EndGlobal
